
Microsoft Visual Studio Solution File, Format Version 12.00
# Visual Studio Version 17
VisualStudioVersion = 17.7.34031.279
MinimumVisualStudioVersion = 10.0.40219.1
Project("{FAE04EC0-301F-11D3-BF4B-00C04F79EFBC}") = "HomeWork6", "HomeWork6\HomeWork6.csproj", "{02BE6C9D-BFE5-438B-BF8A-0697C5A33FB3}"
EndProject
Project("{FAE04EC0-301F-11D3-BF4B-00C04F79EFBC}") = "Tumakov_Lab_7", "Tumakov_Lab_7\Tumakov_Lab_7.csproj", "{30DC6D2A-D905-4749-AC1A-A46FD586B7EC}"
EndProject
Global
	GlobalSection(SolutionConfigurationPlatforms) = preSolution
		Debug|Any CPU = Debug|Any CPU
		Release|Any CPU = Release|Any CPU
	EndGlobalSection
	GlobalSection(ProjectConfigurationPlatforms) = postSolution
		{02BE6C9D-BFE5-438B-BF8A-0697C5A33FB3}.Debug|Any CPU.ActiveCfg = Debug|Any CPU
		{02BE6C9D-BFE5-438B-BF8A-0697C5A33FB3}.Debug|Any CPU.Build.0 = Debug|Any CPU
		{02BE6C9D-BFE5-438B-BF8A-0697C5A33FB3}.Release|Any CPU.ActiveCfg = Release|Any CPU
		{02BE6C9D-BFE5-438B-BF8A-0697C5A33FB3}.Release|Any CPU.Build.0 = Release|Any CPU
		{30DC6D2A-D905-4749-AC1A-A46FD586B7EC}.Debug|Any CPU.ActiveCfg = Debug|Any CPU
		{30DC6D2A-D905-4749-AC1A-A46FD586B7EC}.Debug|Any CPU.Build.0 = Debug|Any CPU
		{30DC6D2A-D905-4749-AC1A-A46FD586B7EC}.Release|Any CPU.ActiveCfg = Release|Any CPU
		{30DC6D2A-D905-4749-AC1A-A46FD586B7EC}.Release|Any CPU.Build.0 = Release|Any CPU
	EndGlobalSection
	GlobalSection(SolutionProperties) = preSolution
		HideSolutionNode = FALSE
	EndGlobalSection
	GlobalSection(ExtensibilityGlobals) = postSolution
		SolutionGuid = {9CB4695E-7FF7-40E7-8F75-5DE66B928926}
	EndGlobalSection
EndGlobal
